Microsoft Visual Studio Solution File, Format Version 12.00
# Visual Studio Version 17
VisualStudioVersion = 17.5.2.0
MinimumVisualStudioVersion = 10.0.40219.1
Project("{FAE04EC0-301F-11D3-BF4B-00C04F79EFBC}") = "gestor-tareas-api", "gestor-tareas-api.csproj", "{D56992CB-A4F1-51E1-017F-CA2E52139356}"
EndProject
Global
	GlobalSection(SolutionConfigurationPlatforms) = preSolution
		Debug|Any CPU = Debug|Any CPU
		Release|Any CPU = Release|Any CPU
	EndGlobalSection
	GlobalSection(ProjectConfigurationPlatforms) = postSolution
		{D56992CB-A4F1-51E1-017F-CA2E52139356}.Debug|Any CPU.ActiveCfg = Debug|Any CPU
		{D56992CB-A4F1-51E1-017F-CA2E52139356}.Debug|Any CPU.Build.0 = Debug|Any CPU
		{D56992CB-A4F1-51E1-017F-CA2E52139356}.Release|Any CPU.ActiveCfg = Release|Any CPU
		{D56992CB-A4F1-51E1-017F-CA2E52139356}.Release|Any CPU.Build.0 = Release|Any CPU
	EndGlobalSection
	GlobalSection(SolutionProperties) = preSolution
		HideSolutionNode = FALSE
	EndGlobalSection
	GlobalSection(ExtensibilityGlobals) = postSolution
		SolutionGuid = {EC8BA204-BCD0-469D-8CD8-2C726A19D343}
	EndGlobalSection
EndGlobal
